
Microsoft Visual Studio Solution File, Format Version 12.00
# Visual Studio 15
Project("{FAE04EC0-301F-11D3-BF4B-00C04F79EFBC}") = "MakeupStore.App", "MakeupStore.App\MakeupStore.App.csproj", "{3978E3FC-1F6C-4708-8B62-BFF3F58C7477}"
EndProject
Project("{FAE04EC0-301F-11D3-BF4B-00C04F79EFBC}") = "MakeupStore.BLL", "MakeupStore.BLL\MakeupStore.BLL.csproj", "{BF38D93E-3FB7-4D9A-B883-9435CE13C962}"
EndProject
Project("{FAE04EC0-301F-11D3-BF4B-00C04F79EFBC}") = "MakeupStore.DataAccess", "MakeupStore.DataAccess\MakeupStore.DataAccess.csproj", "{C12FF23E-E611-42BD-B995-A6EFD1DC46EA}"
EndProject
Global
	GlobalSection(SolutionConfigurationPlatforms) = preSolution
		Debug|Any CPU = Debug|Any CPU
		Release|Any CPU = Release|Any CPU
	EndGlobalSection
	GlobalSection(ProjectConfigurationPlatforms) = postSolution
		{3978E3FC-1F6C-4708-8B62-BFF3F58C7477}.Debug|Any CPU.ActiveCfg = Debug|Any CPU
		{3978E3FC-1F6C-4708-8B62-BFF3F58C7477}.Debug|Any CPU.Build.0 = Debug|Any CPU
		{3978E3FC-1F6C-4708-8B62-BFF3F58C7477}.Release|Any CPU.ActiveCfg = Release|Any CPU
		{3978E3FC-1F6C-4708-8B62-BFF3F58C7477}.Release|Any CPU.Build.0 = Release|Any CPU
		{BF38D93E-3FB7-4D9A-B883-9435CE13C962}.Debug|Any CPU.ActiveCfg = Debug|Any CPU
		{BF38D93E-3FB7-4D9A-B883-9435CE13C962}.Debug|Any CPU.Build.0 = Debug|Any CPU
		{BF38D93E-3FB7-4D9A-B883-9435CE13C962}.Release|Any CPU.ActiveCfg = Release|Any CPU
		{BF38D93E-3FB7-4D9A-B883-9435CE13C962}.Release|Any CPU.Build.0 = Release|Any CPU
		{C12FF23E-E611-42BD-B995-A6EFD1DC46EA}.Debug|Any CPU.ActiveCfg = Debug|Any CPU
		{C12FF23E-E611-42BD-B995-A6EFD1DC46EA}.Debug|Any CPU.Build.0 = Debug|Any CPU
		{C12FF23E-E611-42BD-B995-A6EFD1DC46EA}.Release|Any CPU.ActiveCfg = Release|Any CPU
		{C12FF23E-E611-42BD-B995-A6EFD1DC46EA}.Release|Any CPU.Build.0 = Release|Any CPU
	EndGlobalSection
EndGlobal
